
Microsoft Visual Studio Solution File, Format Version 12.00
# Visual Studio Version 17
VisualStudioVersion = 17.0.31912.275
MinimumVisualStudioVersion = 10.0.40219.1
Project("{FAE04EC0-301F-11D3-BF4B-00C04F79EFBC}") = "GymProject", "GymProject\GymProject.csproj", "{0EED48DE-3174-40E9-B4FA-A9F3788AD182}"
EndProject
Global
	GlobalSection(SolutionConfigurationPlatforms) = preSolution
		Debug|Any CPU = Debug|Any CPU
		Release|Any CPU = Release|Any CPU
	EndGlobalSection
	GlobalSection(ProjectConfigurationPlatforms) = postSolution
		{0EED48DE-3174-40E9-B4FA-A9F3788AD182}.Debug|Any CPU.ActiveCfg = Debug|Any CPU
		{0EED48DE-3174-40E9-B4FA-A9F3788AD182}.Debug|Any CPU.Build.0 = Debug|Any CPU
		{0EED48DE-3174-40E9-B4FA-A9F3788AD182}.Release|Any CPU.ActiveCfg = Release|Any CPU
		{0EED48DE-3174-40E9-B4FA-A9F3788AD182}.Release|Any CPU.Build.0 = Release|Any CPU
	EndGlobalSection
	GlobalSection(SolutionProperties) = preSolution
		HideSolutionNode = FALSE
	EndGlobalSection
	GlobalSection(ExtensibilityGlobals) = postSolution
		SolutionGuid = {B9999A09-2B30-4E96-BDB5-16BEB9AC8735}
	EndGlobalSection
EndGlobal
